
Microsoft Visual Studio Solution File, Format Version 12.00
# Visual Studio 15
VisualStudioVersion = 15.0.27703.2000
MinimumVisualStudioVersion = 10.0.40219.1
Project("{FAE04EC0-301F-11D3-BF4B-00C04F79EFBC}") = "1_RabbitMQService", "WindowsService1\1_RabbitMQService.csproj", "{0E18A409-EB72-4E2A-B39C-41B2D18F4B39}"
EndProject
Project("{FAE04EC0-301F-11D3-BF4B-00C04F79EFBC}") = "WindowsFormsApp1", "WindowsFormsApp1\WindowsFormsApp1.csproj", "{3CAE9313-D6F9-455E-A3BB-A4BE54493A7C}"
EndProject
Project("{9A19103F-16F7-4668-BE54-9A1E7A4F7556}") = "Ubuntu", "Ubuntu\Ubuntu.csproj", "{568203C0-58A7-4567-8254-BD11C5C4A7D3}"
EndProject
Global
	GlobalSection(SolutionConfigurationPlatforms) = preSolution
		Debug|Any CPU = Debug|Any CPU
		Release|Any CPU = Release|Any CPU
	EndGlobalSection
	GlobalSection(ProjectConfigurationPlatforms) = postSolution
		{0E18A409-EB72-4E2A-B39C-41B2D18F4B39}.Debug|Any CPU.ActiveCfg = Debug|Any CPU
		{0E18A409-EB72-4E2A-B39C-41B2D18F4B39}.Debug|Any CPU.Build.0 = Debug|Any CPU
		{0E18A409-EB72-4E2A-B39C-41B2D18F4B39}.Release|Any CPU.ActiveCfg = Release|Any CPU
		{0E18A409-EB72-4E2A-B39C-41B2D18F4B39}.Release|Any CPU.Build.0 = Release|Any CPU
		{3CAE9313-D6F9-455E-A3BB-A4BE54493A7C}.Debug|Any CPU.ActiveCfg = Debug|Any CPU
		{3CAE9313-D6F9-455E-A3BB-A4BE54493A7C}.Debug|Any CPU.Build.0 = Debug|Any CPU
		{3CAE9313-D6F9-455E-A3BB-A4BE54493A7C}.Release|Any CPU.ActiveCfg = Release|Any CPU
		{3CAE9313-D6F9-455E-A3BB-A4BE54493A7C}.Release|Any CPU.Build.0 = Release|Any CPU
		{568203C0-58A7-4567-8254-BD11C5C4A7D3}.Debug|Any CPU.ActiveCfg = Debug|Any CPU
		{568203C0-58A7-4567-8254-BD11C5C4A7D3}.Debug|Any CPU.Build.0 = Debug|Any CPU
		{568203C0-58A7-4567-8254-BD11C5C4A7D3}.Release|Any CPU.ActiveCfg = Release|Any CPU
		{568203C0-58A7-4567-8254-BD11C5C4A7D3}.Release|Any CPU.Build.0 = Release|Any CPU
	EndGlobalSection
	GlobalSection(SolutionProperties) = preSolution
		HideSolutionNode = FALSE
	EndGlobalSection
	GlobalSection(ExtensibilityGlobals) = postSolution
		SolutionGuid = {C81C319D-C3B8-4730-B30B-566D410D6769}
	EndGlobalSection
EndGlobal
